{
  "requires": true,
  "lockfileVersion": 1,
  "dependencies": {
    "ng6-breadcrumbs": {
      "version": "1.0.7",
      "resolved": "https://registry.npmjs.org/ng6-breadcrumbs/-/ng6-breadcrumbs-1.0.7.tgz",
      "integrity": "sha512-U/WRZ/iFMFq1zxwnY9VnvhT556+5XythO5g3EXidR5wIctUWwb6WCIevLExmFyU/ATaplruGtVZR8zQyyABA3g=="
    }
  }
}
